
Microsoft Visual Studio Solution File, Format Version 12.00
# Visual Studio 2012
Project("{FAE04EC0-301F-11D3-BF4B-00C04F79EFBC}") = "Saldemm.Data", "Saldemm.Data\Saldemm.Data.csproj", "{5D1270BB-9FA4-4FA6-886A-4D8FF4B0017B}"
EndProject
Project("{FAE04EC0-301F-11D3-BF4B-00C04F79EFBC}") = "Saldemm.Common", "Saldemm.Common\Saldemm.Common.csproj", "{13D1C16D-5F34-401B-8337-C82C371A88C2}"
EndProject
Project("{FAE04EC0-301F-11D3-BF4B-00C04F79EFBC}") = "Saldemm.Bussines", "Saldemm.Bussines\Saldemm.Bussines.csproj", "{8F7F381A-8FBD-47BB-864A-860FA5C41E46}"
EndProject
Project("{FAE04EC0-301F-11D3-BF4B-00C04F79EFBC}") = "Saldemm.Web", "Saldemm.Web\Saldemm.Web.csproj", "{8A049D1D-8B2A-468D-9518-C1F1D62AC0A2}"
EndProject
Global
	GlobalSection(SolutionConfigurationPlatforms) = preSolution
		Debug|Any CPU = Debug|Any CPU
		Release|Any CPU = Release|Any CPU
	EndGlobalSection
	GlobalSection(ProjectConfigurationPlatforms) = postSolution
		{5D1270BB-9FA4-4FA6-886A-4D8FF4B0017B}.Debug|Any CPU.ActiveCfg = Debug|Any CPU
		{5D1270BB-9FA4-4FA6-886A-4D8FF4B0017B}.Debug|Any CPU.Build.0 = Debug|Any CPU
		{5D1270BB-9FA4-4FA6-886A-4D8FF4B0017B}.Release|Any CPU.ActiveCfg = Release|Any CPU
		{5D1270BB-9FA4-4FA6-886A-4D8FF4B0017B}.Release|Any CPU.Build.0 = Release|Any CPU
		{13D1C16D-5F34-401B-8337-C82C371A88C2}.Debug|Any CPU.ActiveCfg = Debug|Any CPU
		{13D1C16D-5F34-401B-8337-C82C371A88C2}.Debug|Any CPU.Build.0 = Debug|Any CPU
		{13D1C16D-5F34-401B-8337-C82C371A88C2}.Release|Any CPU.ActiveCfg = Release|Any CPU
		{13D1C16D-5F34-401B-8337-C82C371A88C2}.Release|Any CPU.Build.0 = Release|Any CPU
		{8F7F381A-8FBD-47BB-864A-860FA5C41E46}.Debug|Any CPU.ActiveCfg = Debug|Any CPU
		{8F7F381A-8FBD-47BB-864A-860FA5C41E46}.Debug|Any CPU.Build.0 = Debug|Any CPU
		{8F7F381A-8FBD-47BB-864A-860FA5C41E46}.Release|Any CPU.ActiveCfg = Release|Any CPU
		{8F7F381A-8FBD-47BB-864A-860FA5C41E46}.Release|Any CPU.Build.0 = Release|Any CPU
		{8A049D1D-8B2A-468D-9518-C1F1D62AC0A2}.Debug|Any CPU.ActiveCfg = Debug|Any CPU
		{8A049D1D-8B2A-468D-9518-C1F1D62AC0A2}.Debug|Any CPU.Build.0 = Debug|Any CPU
		{8A049D1D-8B2A-468D-9518-C1F1D62AC0A2}.Release|Any CPU.ActiveCfg = Release|Any CPU
		{8A049D1D-8B2A-468D-9518-C1F1D62AC0A2}.Release|Any CPU.Build.0 = Release|Any CPU
	EndGlobalSection
	GlobalSection(SolutionProperties) = preSolution
		HideSolutionNode = FALSE
	EndGlobalSection
EndGlobal
